
Microsoft Visual Studio Solution File, Format Version 12.00
# Visual Studio Version 17
VisualStudioVersion = 17.11.35431.28
MinimumVisualStudioVersion = 10.0.40219.1
Project("{FAE04EC0-301F-11D3-BF4B-00C04F79EFBC}") = "MemoryBasics", "MemoryBasics.csproj", "{2626FAED-30EB-4830-B41C-17C234840A63}"
EndProject
Global
	GlobalSection(SolutionConfigurationPlatforms) = preSolution
		Debug|Any CPU = Debug|Any CPU
		Release|Any CPU = Release|Any CPU
	EndGlobalSection
	GlobalSection(ProjectConfigurationPlatforms) = postSolution
		{2626FAED-30EB-4830-B41C-17C234840A63}.Debug|Any CPU.ActiveCfg = Debug|Any CPU
		{2626FAED-30EB-4830-B41C-17C234840A63}.Debug|Any CPU.Build.0 = Debug|Any CPU
		{2626FAED-30EB-4830-B41C-17C234840A63}.Release|Any CPU.ActiveCfg = Release|Any CPU
		{2626FAED-30EB-4830-B41C-17C234840A63}.Release|Any CPU.Build.0 = Release|Any CPU
	EndGlobalSection
	GlobalSection(SolutionProperties) = preSolution
		HideSolutionNode = FALSE
	EndGlobalSection
	GlobalSection(ExtensibilityGlobals) = postSolution
		SolutionGuid = {2E20734C-304C-4B97-81C3-66DA925FB78E}
	EndGlobalSection
EndGlobal
